
Microsoft Visual Studio Solution File, Format Version 12.00
# Visual Studio 2012
Project("{FAE04EC0-301F-11D3-BF4B-00C04F79EFBC}") = "MvcApplication4", "MvcApplication4\MvcApplication4.csproj", "{DBDD3C78-FA56-4EE3-BAC4-1FBC45701F1D}"
EndProject
Global
	GlobalSection(SolutionConfigurationPlatforms) = preSolution
		Debug|Any CPU = Debug|Any CPU
		Release|Any CPU = Release|Any CPU
	EndGlobalSection
	GlobalSection(ProjectConfigurationPlatforms) = postSolution
		{DBDD3C78-FA56-4EE3-BAC4-1FBC45701F1D}.Debug|Any CPU.ActiveCfg = Debug|Any CPU
		{DBDD3C78-FA56-4EE3-BAC4-1FBC45701F1D}.Debug|Any CPU.Build.0 = Debug|Any CPU
		{DBDD3C78-FA56-4EE3-BAC4-1FBC45701F1D}.Release|Any CPU.ActiveCfg = Release|Any CPU
		{DBDD3C78-FA56-4EE3-BAC4-1FBC45701F1D}.Release|Any CPU.Build.0 = Release|Any CPU
	EndGlobalSection
	GlobalSection(SolutionProperties) = preSolution
		HideSolutionNode = FALSE
	EndGlobalSection
EndGlobal
